// !$*UTF8*$!
{
	archiveVersion = 1;
	classes = {
	};
	objectVersion = 46;
	objects = {

/* Begin PBXBuildFile section */
		AB0A2A8514BB6C3E0009E3BE /* UIKit.framework in Frameworks */ = {isa = PBXBuildFile; fileRef = AB0A2A8414BB6C3E0009E3BE /* UIKit.framework */; };
		AB0A2A8714BB6C3E0009E3BE /* Foundation.framework in Frameworks */ = {isa = PBXBuildFile; fileRef = AB0A2A8614BB6C3E0009E3BE /* Foundation.framework */; };
		AB0A2A8914BB6C3E0009E3BE /* CoreGraphics.framework in Frameworks */ = {isa = PBXBuildFile; fileRef = AB0A2A8814BB6C3E0009E3BE /* CoreGraphics.framework */; };
		AB0A2A8F14BB6C3E0009E3BE /* InfoPlist.strings in Resources */ = {isa = PBXBuildFile; fileRef = AB0A2A8D14BB6C3E0009E3BE /* InfoPlist.strings */; };
		AB0A2A9114BB6C3E0009E3BE /* main.m in Sources */ = {isa = PBXBuildFile; fileRef = AB0A2A9014BB6C3E0009E3BE /* main.m */; };
		AB0A2A9514BB6C3E0009E3BE /* AppDelegate.m in Sources */ = {isa = PBXBuildFile; fileRef = AB0A2A9414BB6C3E0009E3BE /* AppDelegate.m */; };
		AB0A2A9814BB6C3E0009E3BE /* ViewController.m in Sources */ = {isa = PBXBuildFile; fileRef = AB0A2A9714BB6C3E0009E3BE /* ViewController.m */; };
		AB0A2A9B14BB6C3E0009E3BE /* ViewController.xib in Resources */ = {isa = PBXBuildFile; fileRef = AB0A2A9914BB6C3E0009E3BE /* ViewController.xib */; };
		AB0A2AC714BB6F4A0009E3BE /* ExpandableNavigation.m in Sources */ = {isa = PBXBuildFile; fileRef = AB0A2AC614BB6F4A0009E3BE /* ExpandableNavigation.m */; };
		AB0A2AD614BB6F720009E3BE /* background.png in Resources */ = {isa = PBXBuildFile; fileRef = AB0A2AC814BB6F720009E3BE /* background.png */; };
		AB0A2AD714BB6F720009E3BE /* background@2x.png in Resources */ = {isa = PBXBuildFile; fileRef = AB0A2AC914BB6F720009E3BE /* background@2x.png */; };
		AB0A2AD814BB6F720009E3BE /* comment-button.png in Resources */ = {isa = PBXBuildFile; fileRef = AB0A2ACA14BB6F720009E3BE /* comment-button.png */; };
		AB0A2AD914BB6F720009E3BE /* comment-button@2x.png in Resources */ = {isa = PBXBuildFile; fileRef = AB0A2ACB14BB6F720009E3BE /* comment-button@2x.png */; };
		AB0A2ADA14BB6F720009E3BE /* email-button.png in Resources */ = {isa = PBXBuildFile; fileRef = AB0A2ACC14BB6F720009E3BE /* email-button.png */; };
		AB0A2ADB14BB6F720009E3BE /* email-button@2x.png in Resources */ = {isa = PBXBuildFile; fileRef = AB0A2ACD14BB6F720009E3BE /* email-button@2x.png */; };
		AB0A2ADC14BB6F720009E3BE /* location-button.png in Resources */ = {isa = PBXBuildFile; fileRef = AB0A2ACE14BB6F720009E3BE /* location-button.png */; };
		AB0A2ADD14BB6F720009E3BE /* location-button@2x.png in Resources */ = {isa = PBXBuildFile; fileRef = AB0A2ACF14BB6F720009E3BE /* location-button@2x.png */; };
		AB0A2ADE14BB6F720009E3BE /* main-button.png in Resources */ = {isa = PBXBuildFile; fileRef = AB0A2AD014BB6F720009E3BE /* main-button.png */; };
		AB0A2ADF14BB6F720009E3BE /* main-button@2x.png in Resources */ = {isa = PBXBuildFile; fileRef = AB0A2AD114BB6F720009E3BE /* main-button@2x.png */; };
		AB0A2AE014BB6F720009E3BE /* money-button.png in Resources */ = {isa = PBXBuildFile; fileRef = AB0A2AD214BB6F720009E3BE /* money-button.png */; };
		AB0A2AE114BB6F720009E3BE /* money-button@2x.png in Resources */ = {isa = PBXBuildFile; fileRef = AB0A2AD314BB6F720009E3BE /* money-button@2x.png */; };
		AB0A2AE214BB6F720009E3BE /* smile-button.png in Resources */ = {isa = PBXBuildFile; fileRef = AB0A2AD414BB6F720009E3BE /* smile-button.png */; };
		AB0A2AE314BB6F720009E3BE /* smile-button@2x.png in Resources */ = {isa = PBXBuildFile; fileRef = AB0A2AD514BB6F720009E3BE /* smile-button@2x.png */; };
		AB0A2AE514BB70A50009E3BE /* README in Resources */ = {isa = PBXBuildFile; fileRef = AB0A2AE414BB70A50009E3BE /* README */; };
/* End PBXBuildFile section */

/* Begin PBXFileReference section */
		AB0A2A8014BB6C3E0009E3BE /* PathMenuExample.app */ = {isa = PBXFileReference; explicitFileType = wrapper.application; includeInIndex = 0; path = PathMenuExample.app; sourceTree = BUILT_PRODUCTS_DIR; };
		AB0A2A8414BB6C3E0009E3BE /* UIKit.framework */ = {isa = PBXFileReference; lastKnownFileType = wrapper.framework; name = UIKit.framework; path = System/Library/Frameworks/UIKit.framework; sourceTree = SDKROOT; };
		AB0A2A8614BB6C3E0009E3BE /* Foundation.framework */ = {isa = PBXFileReference; lastKnownFileType = wrapper.framework; name = Foundation.framework; path = System/Library/Frameworks/Foundation.framework; sourceTree = SDKROOT; };
		AB0A2A8814BB6C3E0009E3BE /* CoreGraphics.framework */ = {isa = PBXFileReference; lastKnownFileType = wrapper.framework; name = CoreGraphics.framework; path = System/Library/Frameworks/CoreGraphics.framework; sourceTree = SDKROOT; };
		AB0A2A8C14BB6C3E0009E3BE /* PathMenuExample-Info.plist */ = {isa = PBXFileReference; lastKnownFileType = text.plist.xml; path = "PathMenuExample-Info.plist"; sourceTree = "<group>"; };
		AB0A2A8E14BB6C3E0009E3BE /* en */ = {isa = PBXFileReference; lastKnownFileType = text.plist.strings; name = en; path = en.lproj/InfoPlist.strings; sourceTree = "<group>"; };
		AB0A2A9014BB6C3E0009E3BE /* main.m */ = {isa = PBXFileReference; lastKnownFileType = sourcecode.c.objc; path = main.m; sourceTree = "<group>"; };
		AB0A2A9214BB6C3E0009E3BE /* PathMenuExample-Prefix.pch */ = {isa = PBXFileReference; lastKnownFileType = sourcecode.c.h; path = "PathMenuExample-Prefix.pch"; sourceTree = "<group>"; };
		AB0A2A9314BB6C3E0009E3BE /* AppDelegate.h */ = {isa = PBXFileReference; lastKnownFileType = sourcecode.c.h; path = AppDelegate.h; sourceTree = "<group>"; };
		AB0A2A9414BB6C3E0009E3BE /* AppDelegate.m */ = {isa = PBXFileReference; lastKnownFileType = sourcecode.c.objc; path = AppDelegate.m; sourceTree = "<group>"; };
		AB0A2A9614BB6C3E0009E3BE /* ViewController.h */ = {isa = PBXFileReference; lastKnownFileType = sourcecode.c.h; path = ViewController.h; sourceTree = "<group>"; };
		AB0A2A9714BB6C3E0009E3BE /* ViewController.m */ = {isa = PBXFileReference; lastKnownFileType = sourcecode.c.objc; path = ViewController.m; sourceTree = "<group>"; };
		AB0A2A9A14BB6C3E0009E3BE /* en */ = {isa = PBXFileReference; lastKnownFileType = file.xib; name = en; path = en.lproj/ViewController.xib; sourceTree = "<group>"; };
		AB0A2AC514BB6F4A0009E3BE /* ExpandableNavigation.h */ = {isa = PBXFileReference; fileEncoding = 4; lastKnownFileType = sourcecode.c.h; path = ExpandableNavigation.h; sourceTree = "<group>"; };
		AB0A2AC614BB6F4A0009E3BE /* ExpandableNavigation.m */ = {isa = PBXFileReference; fileEncoding = 4; lastKnownFileType = sourcecode.c.objc; path = ExpandableNavigation.m; sourceTree = "<group>"; };
		AB0A2AC814BB6F720009E3BE /* background.png */ = {isa = PBXFileReference; lastKnownFileType = image.png; path = background.png; sourceTree = "<group>"; };
		AB0A2AC914BB6F720009E3BE /* background@2x.png */ = {isa = PBXFileReference; lastKnownFileType = image.png; path = "background@2x.png"; sourceTree = "<group>"; };
		AB0A2ACA14BB6F720009E3BE /* comment-button.png */ = {isa = PBXFileReference; lastKnownFileType = image.png; path = "comment-button.png"; sourceTree = "<group>"; };
		AB0A2ACB14BB6F720009E3BE /* comment-button@2x.png */ = {isa = PBXFileReference; lastKnownFileType = image.png; path = "comment-button@2x.png"; sourceTree = "<group>"; };
		AB0A2ACC14BB6F720009E3BE /* email-button.png */ = {isa = PBXFileReference; lastKnownFileType = image.png; path = "email-button.png"; sourceTree = "<group>"; };
		AB0A2ACD14BB6F720009E3BE /* email-button@2x.png */ = {isa = PBXFileReference; lastKnownFileType = image.png; path = "email-button@2x.png"; sourceTree = "<group>"; };
		AB0A2ACE14BB6F720009E3BE /* location-button.png */ = {isa = PBXFileReference; lastKnownFileType = image.png; path = "location-button.png"; sourceTree = "<group>"; };
		AB0A2ACF14BB6F720009E3BE /* location-button@2x.png */ = {isa = PBXFileReference; lastKnownFileType = image.png; path = "location-button@2x.png"; sourceTree = "<group>"; };
		AB0A2AD014BB6F720009E3BE /* main-button.png */ = {isa = PBXFileReference; lastKnownFileType = image.png; path = "main-button.png"; sourceTree = "<group>"; };
		AB0A2AD114BB6F720009E3BE /* main-button@2x.png */ = {isa = PBXFileReference; lastKnownFileType = image.png; path = "main-button@2x.png"; sourceTree = "<group>"; };
		AB0A2AD214BB6F720009E3BE /* money-button.png */ = {isa = PBXFileReference; lastKnownFileType = image.png; path = "money-button.png"; sourceTree = "<group>"; };
		AB0A2AD314BB6F720009E3BE /* money-button@2x.png */ = {isa = PBXFileReference; lastKnownFileType = image.png; path = "money-button@2x.png"; sourceTree = "<group>"; };
		AB0A2AD414BB6F720009E3BE /* smile-button.png */ = {isa = PBXFileReference; lastKnownFileType = image.png; path = "smile-button.png"; sourceTree = "<group>"; };
		AB0A2AD514BB6F720009E3BE /* smile-button@2x.png */ = {isa = PBXFileReference; lastKnownFileType = image.png; path = "smile-button@2x.png"; sourceTree = "<group>"; };
		AB0A2AE414BB70A50009E3BE /* README */ = {isa = PBXFileReference; fileEncoding = 4; lastKnownFileType = text; path = README; sourceTree = "<group>"; };
/* End PBXFileReference section */

/* Begin PBXFrameworksBuildPhase section */
		AB0A2A7D14BB6C3E0009E3BE /* Frameworks */ = {
			isa = PBXFrameworksBuildPhase;
			buildActionMask = 2147483647;
			files = (
				AB0A2A8514BB6C3E0009E3BE /* UIKit.framework in Frameworks */,
				AB0A2A8714BB6C3E0009E3BE /* Foundation.framework in Frameworks */,
				AB0A2A8914BB6C3E0009E3BE /* CoreGraphics.framework in Frameworks */,
			);
			runOnlyForDeploymentPostprocessing = 0;
		};
/* End PBXFrameworksBuildPhase section */

/* Begin PBXGroup section */
		AB0A2A7514BB6C3E0009E3BE = {
			isa = PBXGroup;
			children = (
				AB0A2AE414BB70A50009E3BE /* README */,
				AB0A2A8A14BB6C3E0009E3BE /* PathMenuExample */,
				AB0A2A8314BB6C3E0009E3BE /* Frameworks */,
				AB0A2A8114BB6C3E0009E3BE /* Products */,
			);
			sourceTree = "<group>";
		};
		AB0A2A8114BB6C3E0009E3BE /* Products */ = {
			isa = PBXGroup;
			children = (
				AB0A2A8014BB6C3E0009E3BE /* PathMenuExample.app */,
			);
			name = Products;
			sourceTree = "<group>";
		};
		AB0A2A8314BB6C3E0009E3BE /* Frameworks */ = {
			isa = PBXGroup;
			children = (
				AB0A2A8414BB6C3E0009E3BE /* UIKit.framework */,
				AB0A2A8614BB6C3E0009E3BE /* Foundation.framework */,
				AB0A2A8814BB6C3E0009E3BE /* CoreGraphics.framework */,
			);
			name = Frameworks;
			sourceTree = "<group>";
		};
		AB0A2A8A14BB6C3E0009E3BE /* PathMenuExample */ = {
			isa = PBXGroup;
			children = (
				AB0A2AA114BB6C7F0009E3BE /* Images */,
				AB0A2AC514BB6F4A0009E3BE /* ExpandableNavigation.h */,
				AB0A2AC614BB6F4A0009E3BE /* ExpandableNavigation.m */,
				AB0A2A9314BB6C3E0009E3BE /* AppDelegate.h */,
				AB0A2A9414BB6C3E0009E3BE /* AppDelegate.m */,
				AB0A2A9614BB6C3E0009E3BE /* ViewController.h */,
				AB0A2A9714BB6C3E0009E3BE /* ViewController.m */,
				AB0A2A9914BB6C3E0009E3BE /* ViewController.xib */,
				AB0A2A8B14BB6C3E0009E3BE /* Supporting Files */,
			);
			path = PathMenuExample;
			sourceTree = "<group>";
		};
		AB0A2A8B14BB6C3E0009E3BE /* Supporting Files */ = {
			isa = PBXGroup;
			children = (
				AB0A2A8C14BB6C3E0009E3BE /* PathMenuExample-Info.plist */,
				AB0A2A8D14BB6C3E0009E3BE /* InfoPlist.strings */,
				AB0A2A9014BB6C3E0009E3BE /* main.m */,
				AB0A2A9214BB6C3E0009E3BE /* PathMenuExample-Prefix.pch */,
			);
			name = "Supporting Files";
			sourceTree = "<group>";
		};
		AB0A2AA114BB6C7F0009E3BE /* Images */ = {
			isa = PBXGroup;
			children = (
				AB0A2AC814BB6F720009E3BE /* background.png */,
				AB0A2AC914BB6F720009E3BE /* background@2x.png */,
				AB0A2ACA14BB6F720009E3BE /* comment-button.png */,
				AB0A2ACB14BB6F720009E3BE /* comment-button@2x.png */,
				AB0A2ACC14BB6F720009E3BE /* email-button.png */,
				AB0A2ACD14BB6F720009E3BE /* email-button@2x.png */,
				AB0A2ACE14BB6F720009E3BE /* location-button.png */,
				AB0A2ACF14BB6F720009E3BE /* location-button@2x.png */,
				AB0A2AD014BB6F720009E3BE /* main-button.png */,
				AB0A2AD114BB6F720009E3BE /* main-button@2x.png */,
				AB0A2AD214BB6F720009E3BE /* money-button.png */,
				AB0A2AD314BB6F720009E3BE /* money-button@2x.png */,
				AB0A2AD414BB6F720009E3BE /* smile-button.png */,
				AB0A2AD514BB6F720009E3BE /* smile-button@2x.png */,
			);
			name = Images;
			sourceTree = "<group>";
		};
/* End PBXGroup section */

/* Begin PBXNativeTarget section */
		AB0A2A7F14BB6C3E0009E3BE /* PathMenuExample */ = {
			isa = PBXNativeTarget;
			buildConfigurationList = AB0A2A9E14BB6C3E0009E3BE /* Build configuration list for PBXNativeTarget "PathMenuExample" */;
			buildPhases = (
				AB0A2A7C14BB6C3E0009E3BE /* Sources */,
				AB0A2A7D14BB6C3E0009E3BE /* Frameworks */,
				AB0A2A7E14BB6C3E0009E3BE /* Resources */,
			);
			buildRules = (
			);
			dependencies = (
			);
			name = PathMenuExample;
			productName = PathMenuExample;
			productReference = AB0A2A8014BB6C3E0009E3BE /* PathMenuExample.app */;
			productType = "com.apple.product-type.application";
		};
/* End PBXNativeTarget section */

/* Begin PBXProject section */
		AB0A2A7714BB6C3E0009E3BE /* Project object */ = {
			isa = PBXProject;
			attributes = {
				LastUpgradeCheck = 0420;
			};
			buildConfigurationList = AB0A2A7A14BB6C3E0009E3BE /* Build configuration list for PBXProject "PathMenuExample" */;
			compatibilityVersion = "Xcode 3.2";
			developmentRegion = English;
			hasScannedForEncodings = 0;
			knownRegions = (
				en,
			);
			mainGroup = AB0A2A7514BB6C3E0009E3BE;
			productRefGroup = AB0A2A8114BB6C3E0009E3BE /* Products */;
			projectDirPath = "";
			projectRoot = "";
			targets = (
				AB0A2A7F14BB6C3E0009E3BE /* PathMenuExample */,
			);
		};
/* End PBXProject section */

/* Begin PBXResourcesBuildPhase section */
		AB0A2A7E14BB6C3E0009E3BE /* Resources */ = {
			isa = PBXResourcesBuildPhase;
			buildActionMask = 2147483647;
			files = (
				AB0A2A8F14BB6C3E0009E3BE /* InfoPlist.strings in Resources */,
				AB0A2A9B14BB6C3E0009E3BE /* ViewController.xib in Resources */,
				AB0A2AD614BB6F720009E3BE /* background.png in Resources */,
				AB0A2AD714BB6F720009E3BE /* background@2x.png in Resources */,
				AB0A2AD814BB6F720009E3BE /* comment-button.png in Resources */,
				AB0A2AD914BB6F720009E3BE /* comment-button@2x.png in Resources */,
				AB0A2ADA14BB6F720009E3BE /* email-button.png in Resources */,
				AB0A2ADB14BB6F720009E3BE /* email-button@2x.png in Resources */,
				AB0A2ADC14BB6F720009E3BE /* location-button.png in Resources */,
				AB0A2ADD14BB6F720009E3BE /* location-button@2x.png in Resources */,
				AB0A2ADE14BB6F720009E3BE /* main-button.png in Resources */,
				AB0A2ADF14BB6F720009E3BE /* main-button@2x.png in Resources */,
				AB0A2AE014BB6F720009E3BE /* money-button.png in Resources */,
				AB0A2AE114BB6F720009E3BE /* money-button@2x.png in Resources */,
				AB0A2AE214BB6F720009E3BE /* smile-button.png in Resources */,
				AB0A2AE314BB6F720009E3BE /* smile-button@2x.png in Resources */,
				AB0A2AE514BB70A50009E3BE /* README in Resources */,
			);
			runOnlyForDeploymentPostprocessing = 0;
		};
/* End PBXResourcesBuildPhase section */

/* Begin PBXSourcesBuildPhase section */
		AB0A2A7C14BB6C3E0009E3BE /* Sources */ = {
			isa = PBXSourcesBuildPhase;
			buildActionMask = 2147483647;
			files = (
				AB0A2A9114BB6C3E0009E3BE /* main.m in Sources */,
				AB0A2A9514BB6C3E0009E3BE /* AppDelegate.m in Sources */,
				AB0A2A9814BB6C3E0009E3BE /* ViewController.m in Sources */,
				AB0A2AC714BB6F4A0009E3BE /* ExpandableNavigation.m in Sources */,
			);
			runOnlyForDeploymentPostprocessing = 0;
		};
/* End PBXSourcesBuildPhase section */

/* Begin PBXVariantGroup section */
		AB0A2A8D14BB6C3E0009E3BE /* InfoPlist.strings */ = {
			isa = PBXVariantGroup;
			children = (
				AB0A2A8E14BB6C3E0009E3BE /* en */,
			);
			name = InfoPlist.strings;
			sourceTree = "<group>";
		};
		AB0A2A9914BB6C3E0009E3BE /* ViewController.xib */ = {
			isa = PBXVariantGroup;
			children = (
				AB0A2A9A14BB6C3E0009E3BE /* en */,
			);
			name = ViewController.xib;
			sourceTree = "<group>";
		};
/* End PBXVariantGroup section */

/* Begin XCBuildConfiguration section */
		AB0A2A9C14BB6C3E0009E3BE /* Debug */ = {
			isa = XCBuildConfiguration;
			buildSettings = {
				ALWAYS_SEARCH_USER_PATHS = NO;
				ARCHS = "$(ARCHS_STANDARD_32_BIT)";
				"CODE_SIGN_IDENTITY[sdk=iphoneos*]" = "iPhone Developer";
				COPY_PHASE_STRIP = NO;
				GCC_C_LANGUAGE_STANDARD = gnu99;
				GCC_DYNAMIC_NO_PIC = NO;
				GCC_OPTIMIZATION_LEVEL = 0;
				GCC_PREPROCESSOR_DEFINITIONS = (
					"DEBUG=1",
					"$(inherited)",
				);
				GCC_SYMBOLS_PRIVATE_EXTERN = NO;
				GCC_VERSION = com.apple.compilers.llvm.clang.1_0;
				GCC_WARN_ABOUT_MISSING_PROTOTYPES = YES;
				GCC_WARN_ABOUT_RETURN_TYPE = YES;
				GCC_WARN_UNUSED_VARIABLE = YES;
				IPHONEOS_DEPLOYMENT_TARGET = 5.0;
				SDKROOT = iphoneos;
			};
			name = Debug;
		};
		AB0A2A9D14BB6C3E0009E3BE /* Release */ = {
			isa = XCBuildConfiguration;
			buildSettings = {
				ALWAYS_SEARCH_USER_PATHS = NO;
				ARCHS = "$(ARCHS_STANDARD_32_BIT)";
				"CODE_SIGN_IDENTITY[sdk=iphoneos*]" = "iPhone Developer";
				COPY_PHASE_STRIP = YES;
				GCC_C_LANGUAGE_STANDARD = gnu99;
				GCC_VERSION = com.apple.compilers.llvm.clang.1_0;
				GCC_WARN_ABOUT_MISSING_PROTOTYPES = YES;
				GCC_WARN_ABOUT_RETURN_TYPE = YES;
				GCC_WARN_UNUSED_VARIABLE = YES;
				IPHONEOS_DEPLOYMENT_TARGET = 5.0;
				OTHER_CFLAGS = "-DNS_BLOCK_ASSERTIONS=1";
				SDKROOT = iphoneos;
				VALIDATE_PRODUCT = YES;
			};
			name = Release;
		};
		AB0A2A9F14BB6C3E0009E3BE /* Debug */ = {
			isa = XCBuildConfiguration;
			buildSettings = {
				GCC_PRECOMPILE_PREFIX_HEADER = YES;
				GCC_PREFIX_HEADER = "PathMenuExample/PathMenuExample-Prefix.pch";
				INFOPLIST_FILE = "PathMenuExample/PathMenuExample-Info.plist";
				PRODUCT_NAME = "$(TARGET_NAME)";
				WRAPPER_EXTENSION = app;
			};
			name = Debug;
		};
		AB0A2AA014BB6C3E0009E3BE /* Release */ = {
			isa = XCBuildConfiguration;
			buildSettings = {
				GCC_PRECOMPILE_PREFIX_HEADER = YES;
				GCC_PREFIX_HEADER = "PathMenuExample/PathMenuExample-Prefix.pch";
				INFOPLIST_FILE = "PathMenuExample/PathMenuExample-Info.plist";
				PRODUCT_NAME = "$(TARGET_NAME)";
				WRAPPER_EXTENSION = app;
			};
			name = Release;
		};
/* End XCBuildConfiguration section */

/* Begin XCConfigurationList section */
		AB0A2A7A14BB6C3E0009E3BE /* Build configuration list for PBXProject "PathMenuExample" */ = {
			isa = XCConfigurationList;
			buildConfigurations = (
				AB0A2A9C14BB6C3E0009E3BE /* Debug */,
				AB0A2A9D14BB6C3E0009E3BE /* Release */,
			);
			defaultConfigurationIsVisible = 0;
			defaultConfigurationName = Release;
		};
		AB0A2A9E14BB6C3E0009E3BE /* Build configuration list for PBXNativeTarget "PathMenuExample" */ = {
			isa = XCConfigurationList;
			buildConfigurations = (
				AB0A2A9F14BB6C3E0009E3BE /* Debug */,
				AB0A2AA014BB6C3E0009E3BE /* Release */,
			);
			defaultConfigurationIsVisible = 0;
			defaultConfigurationName = Release;
		};
/* End XCConfigurationList section */
	};
	rootObject = AB0A2A7714BB6C3E0009E3BE /* Project object */;
}
